Microsoft Visual Studio Solution File, Format Version 12.00
Project("{FAE04EC0-301F-11D3-BF4B-00C04F79EFBC}") = "server", "server\server.csproj", "{6AD1F099-F2D6-46A5-922E-5B70E45B5359}"
EndProject
Global
	GlobalSection(SolutionConfigurationPlatforms) = preSolution
		Debug|Any CPU = Debug|Any CPU
		Release|Any CPU = Release|Any CPU
	EndGlobalSection
	GlobalSection(ProjectConfigurationPlatforms) = postSolution
		{6AD1F099-F2D6-46A5-922E-5B70E45B5359}.Debug|Any CPU.ActiveCfg = Debug|Any CPU
		{6AD1F099-F2D6-46A5-922E-5B70E45B5359}.Debug|Any CPU.Build.0 = Debug|Any CPU
		{6AD1F099-F2D6-46A5-922E-5B70E45B5359}.Release|Any CPU.ActiveCfg = Release|Any CPU
		{6AD1F099-F2D6-46A5-922E-5B70E45B5359}.Release|Any CPU.Build.0 = Release|Any CPU
	EndGlobalSection
EndGlobal
